
Microsoft Visual Studio Solution File, Format Version 12.00
# Visual Studio Version 16
VisualStudioVersion = 16.0.31321.278
MinimumVisualStudioVersion = 10.0.40219.1
Project("{2150E333-8FDC-42A3-9474-1A3956D46DE8}") = "services", "services", "{EF0C456C-3C97-439D-944F-00D0BBB0881B}"
EndProject
Project("{2150E333-8FDC-42A3-9474-1A3956D46DE8}") = "Catalog", "Catalog", "{8ECFDA5E-DAF5-4BCC-809C-8612805E49F4}"
EndProject
Project("{FAE04EC0-301F-11D3-BF4B-00C04F79EFBC}") = "Catalog.API", "services\Catalog\Catalog.API\Catalog.API.csproj", "{9F05F9F0-696B-4E73-B9D4-B890F93CB4CF}"
EndProject
Global
	GlobalSection(SolutionConfigurationPlatforms) = preSolution
		Debug|Any CPU = Debug|Any CPU
		Release|Any CPU = Release|Any CPU
	EndGlobalSection
	GlobalSection(ProjectConfigurationPlatforms) = postSolution
		{9F05F9F0-696B-4E73-B9D4-B890F93CB4CF}.Debug|Any CPU.ActiveCfg = Debug|Any CPU
		{9F05F9F0-696B-4E73-B9D4-B890F93CB4CF}.Debug|Any CPU.Build.0 = Debug|Any CPU
		{9F05F9F0-696B-4E73-B9D4-B890F93CB4CF}.Release|Any CPU.ActiveCfg = Release|Any CPU
		{9F05F9F0-696B-4E73-B9D4-B890F93CB4CF}.Release|Any CPU.Build.0 = Release|Any CPU
	EndGlobalSection
	GlobalSection(SolutionProperties) = preSolution
		HideSolutionNode = FALSE
	EndGlobalSection
	GlobalSection(NestedProjects) = preSolution
		{8ECFDA5E-DAF5-4BCC-809C-8612805E49F4} = {EF0C456C-3C97-439D-944F-00D0BBB0881B}
		{9F05F9F0-696B-4E73-B9D4-B890F93CB4CF} = {8ECFDA5E-DAF5-4BCC-809C-8612805E49F4}
	EndGlobalSection
	GlobalSection(ExtensibilityGlobals) = postSolution
		SolutionGuid = {AD358E0B-9976-4040-A83F-E72117CC1DA8}
	EndGlobalSection
EndGlobal
